// !$*UTF8*$!
{
	archiveVersion = 1;
	classes = {
	};
	objectVersion = 50;
	objects = {

/* Begin PBXBuildFile section */
		1853C654229E89B4006F6A3C /* AppDelegate.swift in Sources */ = {isa = PBXBuildFile; fileRef = 1853C653229E89B4006F6A3C /* AppDelegate.swift */; };
		1853C656229E89B4006F6A3C /* ViewController.swift in Sources */ = {isa = PBXBuildFile; fileRef = 1853C655229E89B4006F6A3C /* ViewController.swift */; };
		1853C659229E89B4006F6A3C /* Main.storyboard in Resources */ = {isa = PBXBuildFile; fileRef = 1853C657229E89B4006F6A3C /* Main.storyboard */; };
		1853C65B229E89B5006F6A3C /* Assets.xcassets in Resources */ = {isa = PBXBuildFile; fileRef = 1853C65A229E89B5006F6A3C /* Assets.xcassets */; };
		1853C65E229E89B5006F6A3C /* LaunchScreen.storyboard in Resources */ = {isa = PBXBuildFile; fileRef = 1853C65C229E89B5006F6A3C /* LaunchScreen.storyboard */; };
		1853C669229E89B5006F6A3C /* Travis_DemoTests.swift in Sources */ = {isa = PBXBuildFile; fileRef = 1853C668229E89B5006F6A3C /* Travis_DemoTests.swift */; };
		1853C674229E89B5006F6A3C /* Travis_DemoUITests.swift in Sources */ = {isa = PBXBuildFile; fileRef = 1853C673229E89B5006F6A3C /* Travis_DemoUITests.swift */; };
		BCA7FCF86979B22CF2EB609D /* Pods_Travis_DemoUITests.framework in Frameworks */ = {isa = PBXBuildFile; fileRef = 683AEDCFC2B02EA1033DD25B /* Pods_Travis_DemoUITests.framework */; };
		C7AF98B0A0346FAF8BE60082 /* Pods_Travis_DemoTests.framework in Frameworks */ = {isa = PBXBuildFile; fileRef = D1DBB4E6D8BEBEB556CB2DD3 /* Pods_Travis_DemoTests.framework */; };
		E00DFE1BA6A5214B67440FEE /* Pods_Travis_Demo.framework in Frameworks */ = {isa = PBXBuildFile; fileRef = E901DE79F92B2C31DC37EB87 /* Pods_Travis_Demo.framework */; };
/* End PBXBuildFile section */

/* Begin PBXContainerItemProxy section */
		1853C665229E89B5006F6A3C /* PBXContainerItemProxy */ = {
			isa = PBXContainerItemProxy;
			containerPortal = 1853C648229E89B3006F6A3C /* Project object */;
			proxyType = 1;
			remoteGlobalIDString = 1853C64F229E89B4006F6A3C;
			remoteInfo = Travis_Demo;
		};
		1853C670229E89B5006F6A3C /* PBXContainerItemProxy */ = {
			isa = PBXContainerItemProxy;
			containerPortal = 1853C648229E89B3006F6A3C /* Project object */;
			proxyType = 1;
			remoteGlobalIDString = 1853C64F229E89B4006F6A3C;
			remoteInfo = Travis_Demo;
		};
/* End PBXContainerItemProxy section */

/* Begin PBXFileReference section */
		05B2AD68398556CEEC3A709C /* Pods-Travis_Demo.release.xcconfig */ = {isa = PBXFileReference; includeInIndex = 1; lastKnownFileType = text.xcconfig; name = "Pods-Travis_Demo.release.xcconfig"; path = "Target Support Files/Pods-Travis_Demo/Pods-Travis_Demo.release.xcconfig"; sourceTree = "<group>"; };
		1853C650229E89B4006F6A3C /* Travis_Demo.app */ = {isa = PBXFileReference; explicitFileType = wrapper.application; includeInIndex = 0; path = Travis_Demo.app; sourceTree = BUILT_PRODUCTS_DIR; };
		1853C653229E89B4006F6A3C /* AppDelegate.swift */ = {isa = PBXFileReference; lastKnownFileType = sourcecode.swift; path = AppDelegate.swift; sourceTree = "<group>"; };
		1853C655229E89B4006F6A3C /* ViewController.swift */ = {isa = PBXFileReference; lastKnownFileType = sourcecode.swift; path = ViewController.swift; sourceTree = "<group>"; };
		1853C658229E89B4006F6A3C /* Base */ = {isa = PBXFileReference; lastKnownFileType = file.storyboard; name = Base; path = Base.lproj/Main.storyboard; sourceTree = "<group>"; };
		1853C65A229E89B5006F6A3C /* Assets.xcassets */ = {isa = PBXFileReference; lastKnownFileType = folder.assetcatalog; path = Assets.xcassets; sourceTree = "<group>"; };
		1853C65D229E89B5006F6A3C /* Base */ = {isa = PBXFileReference; lastKnownFileType = file.storyboard; name = Base; path = Base.lproj/LaunchScreen.storyboard; sourceTree = "<group>"; };
		1853C65F229E89B5006F6A3C /* Info.plist */ = {isa = PBXFileReference; lastKnownFileType = text.plist.xml; path = Info.plist; sourceTree = "<group>"; };
		1853C664229E89B5006F6A3C /* Travis_DemoTests.xctest */ = {isa = PBXFileReference; explicitFileType = wrapper.cfbundle; includeInIndex = 0; path = Travis_DemoTests.xctest; sourceTree = BUILT_PRODUCTS_DIR; };
		1853C668229E89B5006F6A3C /* Travis_DemoTests.swift */ = {isa = PBXFileReference; lastKnownFileType = sourcecode.swift; path = Travis_DemoTests.swift; sourceTree = "<group>"; };
		1853C66A229E89B5006F6A3C /* Info.plist */ = {isa = PBXFileReference; lastKnownFileType = text.plist.xml; path = Info.plist; sourceTree = "<group>"; };
		1853C66F229E89B5006F6A3C /* Travis_DemoUITests.xctest */ = {isa = PBXFileReference; explicitFileType = wrapper.cfbundle; includeInIndex = 0; path = Travis_DemoUITests.xctest; sourceTree = BUILT_PRODUCTS_DIR; };
		1853C673229E89B5006F6A3C /* Travis_DemoUITests.swift */ = {isa = PBXFileReference; lastKnownFileType = sourcecode.swift; path = Travis_DemoUITests.swift; sourceTree = "<group>"; };
		1853C675229E89B5006F6A3C /* Info.plist */ = {isa = PBXFileReference; lastKnownFileType = text.plist.xml; path = Info.plist; sourceTree = "<group>"; };
		2664F73490558ADE572BC48E /* Pods-Travis_DemoUITests.debug.xcconfig */ = {isa = PBXFileReference; includeInIndex = 1; lastKnownFileType = text.xcconfig; name = "Pods-Travis_DemoUITests.debug.xcconfig"; path = "Target Support Files/Pods-Travis_DemoUITests/Pods-Travis_DemoUITests.debug.xcconfig"; sourceTree = "<group>"; };
		2DCAD7D97FD835AF6B17B0AB /* Pods-Travis_Demo.debug.xcconfig */ = {isa = PBXFileReference; includeInIndex = 1; lastKnownFileType = text.xcconfig; name = "Pods-Travis_Demo.debug.xcconfig"; path = "Target Support Files/Pods-Travis_Demo/Pods-Travis_Demo.debug.xcconfig"; sourceTree = "<group>"; };
		5C940E1998B6DA0C0BC7FDEF /* Pods-Travis_DemoTests.release.xcconfig */ = {isa = PBXFileReference; includeInIndex = 1; lastKnownFileType = text.xcconfig; name = "Pods-Travis_DemoTests.release.xcconfig"; path = "Target Support Files/Pods-Travis_DemoTests/Pods-Travis_DemoTests.release.xcconfig"; sourceTree = "<group>"; };
		683AEDCFC2B02EA1033DD25B /* Pods_Travis_DemoUITests.framework */ = {isa = PBXFileReference; explicitFileType = wrapper.framework; includeInIndex = 0; path = Pods_Travis_DemoUITests.framework; sourceTree = BUILT_PRODUCTS_DIR; };
		B14443CBC40E5964FBEE89BE /* Pods-Travis_DemoUITests.release.xcconfig */ = {isa = PBXFileReference; includeInIndex = 1; lastKnownFileType = text.xcconfig; name = "Pods-Travis_DemoUITests.release.xcconfig"; path = "Target Support Files/Pods-Travis_DemoUITests/Pods-Travis_DemoUITests.release.xcconfig"; sourceTree = "<group>"; };
		CE1F0926600AC18FB75463F8 /* Pods-Travis_DemoTests.debug.xcconfig */ = {isa = PBXFileReference; includeInIndex = 1; lastKnownFileType = text.xcconfig; name = "Pods-Travis_DemoTests.debug.xcconfig"; path = "Target Support Files/Pods-Travis_DemoTests/Pods-Travis_DemoTests.debug.xcconfig"; sourceTree = "<group>"; };
		D1DBB4E6D8BEBEB556CB2DD3 /* Pods_Travis_DemoTests.framework */ = {isa = PBXFileReference; explicitFileType = wrapper.framework; includeInIndex = 0; path = Pods_Travis_DemoTests.framework; sourceTree = BUILT_PRODUCTS_DIR; };
		E901DE79F92B2C31DC37EB87 /* Pods_Travis_Demo.framework */ = {isa = PBXFileReference; explicitFileType = wrapper.framework; includeInIndex = 0; path = Pods_Travis_Demo.framework; sourceTree = BUILT_PRODUCTS_DIR; };
/* End PBXFileReference section */

/* Begin PBXFrameworksBuildPhase section */
		1853C64D229E89B4006F6A3C /* Frameworks */ = {
			isa = PBXFrameworksBuildPhase;
			buildActionMask = 2147483647;
			files = (
				E00DFE1BA6A5214B67440FEE /* Pods_Travis_Demo.framework in Frameworks */,
			);
			runOnlyForDeploymentPostprocessing = 0;
		};
		1853C661229E89B5006F6A3C /* Frameworks */ = {
			isa = PBXFrameworksBuildPhase;
			buildActionMask = 2147483647;
			files = (
				C7AF98B0A0346FAF8BE60082 /* Pods_Travis_DemoTests.framework in Frameworks */,
			);
			runOnlyForDeploymentPostprocessing = 0;
		};
		1853C66C229E89B5006F6A3C /* Frameworks */ = {
			isa = PBXFrameworksBuildPhase;
			buildActionMask = 2147483647;
			files = (
				BCA7FCF86979B22CF2EB609D /* Pods_Travis_DemoUITests.framework in Frameworks */,
			);
			runOnlyForDeploymentPostprocessing = 0;
		};
/* End PBXFrameworksBuildPhase section */

/* Begin PBXGroup section */
		1853C647229E89B3006F6A3C = {
			isa = PBXGroup;
			children = (
				1853C652229E89B4006F6A3C /* Travis_Demo */,
				1853C667229E89B5006F6A3C /* Travis_DemoTests */,
				1853C672229E89B5006F6A3C /* Travis_DemoUITests */,
				1853C651229E89B4006F6A3C /* Products */,
				FC4C8B997C6E7565A9FF19DD /* Pods */,
				A3D698F918E9D2750D153D69 /* Frameworks */,
			);
			sourceTree = "<group>";
		};
		1853C651229E89B4006F6A3C /* Products */ = {
			isa = PBXGroup;
			children = (
				1853C650229E89B4006F6A3C /* Travis_Demo.app */,
				1853C664229E89B5006F6A3C /* Travis_DemoTests.xctest */,
				1853C66F229E89B5006F6A3C /* Travis_DemoUITests.xctest */,
			);
			name = Products;
			sourceTree = "<group>";
		};
		1853C652229E89B4006F6A3C /* Travis_Demo */ = {
			isa = PBXGroup;
			children = (
				1853C653229E89B4006F6A3C /* AppDelegate.swift */,
				1853C655229E89B4006F6A3C /* ViewController.swift */,
				1853C657229E89B4006F6A3C /* Main.storyboard */,
				1853C65A229E89B5006F6A3C /* Assets.xcassets */,
				1853C65C229E89B5006F6A3C /* LaunchScreen.storyboard */,
				1853C65F229E89B5006F6A3C /* Info.plist */,
			);
			path = Travis_Demo;
			sourceTree = "<group>";
		};
		1853C667229E89B5006F6A3C /* Travis_DemoTests */ = {
			isa = PBXGroup;
			children = (
				1853C668229E89B5006F6A3C /* Travis_DemoTests.swift */,
				1853C66A229E89B5006F6A3C /* Info.plist */,
			);
			path = Travis_DemoTests;
			sourceTree = "<group>";
		};
		1853C672229E89B5006F6A3C /* Travis_DemoUITests */ = {
			isa = PBXGroup;
			children = (
				1853C673229E89B5006F6A3C /* Travis_DemoUITests.swift */,
				1853C675229E89B5006F6A3C /* Info.plist */,
			);
			path = Travis_DemoUITests;
			sourceTree = "<group>";
		};
		A3D698F918E9D2750D153D69 /* Frameworks */ = {
			isa = PBXGroup;
			children = (
				E901DE79F92B2C31DC37EB87 /* Pods_Travis_Demo.framework */,
				D1DBB4E6D8BEBEB556CB2DD3 /* Pods_Travis_DemoTests.framework */,
				683AEDCFC2B02EA1033DD25B /* Pods_Travis_DemoUITests.framework */,
			);
			name = Frameworks;
			sourceTree = "<group>";
		};
		FC4C8B997C6E7565A9FF19DD /* Pods */ = {
			isa = PBXGroup;
			children = (
				2DCAD7D97FD835AF6B17B0AB /* Pods-Travis_Demo.debug.xcconfig */,
				05B2AD68398556CEEC3A709C /* Pods-Travis_Demo.release.xcconfig */,
				CE1F0926600AC18FB75463F8 /* Pods-Travis_DemoTests.debug.xcconfig */,
				5C940E1998B6DA0C0BC7FDEF /* Pods-Travis_DemoTests.release.xcconfig */,
				2664F73490558ADE572BC48E /* Pods-Travis_DemoUITests.debug.xcconfig */,
				B14443CBC40E5964FBEE89BE /* Pods-Travis_DemoUITests.release.xcconfig */,
			);
			name = Pods;
			path = Pods;
			sourceTree = "<group>";
		};
/* End PBXGroup section */

/* Begin PBXNativeTarget section */
		1853C64F229E89B4006F6A3C /* Travis_Demo */ = {
			isa = PBXNativeTarget;
			buildConfigurationList = 1853C678229E89B5006F6A3C /* Build configuration list for PBXNativeTarget "Travis_Demo" */;
			buildPhases = (
				E89F4EAFCCE38FD48DB4CC18 /* [CP] Check Pods Manifest.lock */,
				1853C64C229E89B4006F6A3C /* Sources */,
				1853C64D229E89B4006F6A3C /* Frameworks */,
				1853C64E229E89B4006F6A3C /* Resources */,
			);
			buildRules = (
			);
			dependencies = (
			);
			name = Travis_Demo;
			productName = Travis_Demo;
			productReference = 1853C650229E89B4006F6A3C /* Travis_Demo.app */;
			productType = "com.apple.product-type.application";
		};
		1853C663229E89B5006F6A3C /* Travis_DemoTests */ = {
			isa = PBXNativeTarget;
			buildConfigurationList = 1853C67B229E89B5006F6A3C /* Build configuration list for PBXNativeTarget "Travis_DemoTests" */;
			buildPhases = (
				67725C787BCC23962DDC6157 /* [CP] Check Pods Manifest.lock */,
				1853C660229E89B5006F6A3C /* Sources */,
				1853C661229E89B5006F6A3C /* Frameworks */,
				1853C662229E89B5006F6A3C /* Resources */,
			);
			buildRules = (
			);
			dependencies = (
				1853C666229E89B5006F6A3C /* PBXTargetDependency */,
			);
			name = Travis_DemoTests;
			productName = Travis_DemoTests;
			productReference = 1853C664229E89B5006F6A3C /* Travis_DemoTests.xctest */;
			productType = "com.apple.product-type.bundle.unit-test";
		};
		1853C66E229E89B5006F6A3C /* Travis_DemoUITests */ = {
			isa = PBXNativeTarget;
			buildConfigurationList = 1853C67E229E89B5006F6A3C /* Build configuration list for PBXNativeTarget "Travis_DemoUITests" */;
			buildPhases = (
				FAD9CD0BE1CCC8500332A0DC /* [CP] Check Pods Manifest.lock */,
				1853C66B229E89B5006F6A3C /* Sources */,
				1853C66C229E89B5006F6A3C /* Frameworks */,
				1853C66D229E89B5006F6A3C /* Resources */,
			);
			buildRules = (
			);
			dependencies = (
				1853C671229E89B5006F6A3C /* PBXTargetDependency */,
			);
			name = Travis_DemoUITests;
			productName = Travis_DemoUITests;
			productReference = 1853C66F229E89B5006F6A3C /* Travis_DemoUITests.xctest */;
			productType = "com.apple.product-type.bundle.ui-testing";
		};
/* End PBXNativeTarget section */

/* Begin PBXProject section */
		1853C648229E89B3006F6A3C /* Project object */ = {
			isa = PBXProject;
			attributes = {
				LastSwiftUpdateCheck = 1010;
				LastUpgradeCheck = 1010;
				ORGANIZATIONNAME = Tata;
				TargetAttributes = {
					1853C64F229E89B4006F6A3C = {
						CreatedOnToolsVersion = 10.1;
					};
					1853C663229E89B5006F6A3C = {
						CreatedOnToolsVersion = 10.1;
						TestTargetID = 1853C64F229E89B4006F6A3C;
					};
					1853C66E229E89B5006F6A3C = {
						CreatedOnToolsVersion = 10.1;
						TestTargetID = 1853C64F229E89B4006F6A3C;
					};
				};
			};
			buildConfigurationList = 1853C64B229E89B3006F6A3C /* Build configuration list for PBXProject "Travis_Demo" */;
			compatibilityVersion = "Xcode 9.3";
			developmentRegion = en;
			hasScannedForEncodings = 0;
			knownRegions = (
				en,
				Base,
			);
			mainGroup = 1853C647229E89B3006F6A3C;
			productRefGroup = 1853C651229E89B4006F6A3C /* Products */;
			projectDirPath = "";
			projectRoot = "";
			targets = (
				1853C64F229E89B4006F6A3C /* Travis_Demo */,
				1853C663229E89B5006F6A3C /* Travis_DemoTests */,
				1853C66E229E89B5006F6A3C /* Travis_DemoUITests */,
			);
		};
/* End PBXProject section */

/* Begin PBXResourcesBuildPhase section */
		1853C64E229E89B4006F6A3C /* Resources */ = {
			isa = PBXResourcesBuildPhase;
			buildActionMask = 2147483647;
			files = (
				1853C65E229E89B5006F6A3C /* LaunchScreen.storyboard in Resources */,
				1853C65B229E89B5006F6A3C /* Assets.xcassets in Resources */,
				1853C659229E89B4006F6A3C /* Main.storyboard in Resources */,
			);
			runOnlyForDeploymentPostprocessing = 0;
		};
		1853C662229E89B5006F6A3C /* Resources */ = {
			isa = PBXResourcesBuildPhase;
			buildActionMask = 2147483647;
			files = (
			);
			runOnlyForDeploymentPostprocessing = 0;
		};
		1853C66D229E89B5006F6A3C /* Resources */ = {
			isa = PBXResourcesBuildPhase;
			buildActionMask = 2147483647;
			files = (
			);
			runOnlyForDeploymentPostprocessing = 0;
		};
/* End PBXResourcesBuildPhase section */

/* Begin PBXShellScriptBuildPhase section */
		67725C787BCC23962DDC6157 /* [CP] Check Pods Manifest.lock */ = {
			isa = PBXShellScriptBuildPhase;
			buildActionMask = 2147483647;
			files = (
			);
			inputFileListPaths = (
			);
			inputPaths = (
				"${PODS_PODFILE_DIR_PATH}/Podfile.lock",
				"${PODS_ROOT}/Manifest.lock",
			);
			name = "[CP] Check Pods Manifest.lock";
			outputFileListPaths = (
			);
			outputPaths = (
				"$(DERIVED_FILE_DIR)/Pods-Travis_DemoTests-checkManifestLockResult.txt",
			);
			runOnlyForDeploymentPostprocessing = 0;
			shellPath = /bin/sh;
			shellScript = "diff \"${PODS_PODFILE_DIR_PATH}/Podfile.lock\" \"${PODS_ROOT}/Manifest.lock\" > /dev/null\nif [ $? != 0 ] ; then\n    # print error to STDERR\n    echo \"error: The sandbox is not in sync with the Podfile.lock. Run 'pod install' or update your CocoaPods installation.\" >&2\n    exit 1\nfi\n# This output is used by Xcode 'outputs' to avoid re-running this script phase.\necho \"SUCCESS\" > \"${SCRIPT_OUTPUT_FILE_0}\"\n";
			showEnvVarsInLog = 0;
		};
		E89F4EAFCCE38FD48DB4CC18 /* [CP] Check Pods Manifest.lock */ = {
			isa = PBXShellScriptBuildPhase;
			buildActionMask = 2147483647;
			files = (
			);
			inputFileListPaths = (
			);
			inputPaths = (
				"${PODS_PODFILE_DIR_PATH}/Podfile.lock",
				"${PODS_ROOT}/Manifest.lock",
			);
			name = "[CP] Check Pods Manifest.lock";
			outputFileListPaths = (
			);
			outputPaths = (
				"$(DERIVED_FILE_DIR)/Pods-Travis_Demo-checkManifestLockResult.txt",
			);
			runOnlyForDeploymentPostprocessing = 0;
			shellPath = /bin/sh;
			shellScript = "diff \"${PODS_PODFILE_DIR_PATH}/Podfile.lock\" \"${PODS_ROOT}/Manifest.lock\" > /dev/null\nif [ $? != 0 ] ; then\n    # print error to STDERR\n    echo \"error: The sandbox is not in sync with the Podfile.lock. Run 'pod install' or update your CocoaPods installation.\" >&2\n    exit 1\nfi\n# This output is used by Xcode 'outputs' to avoid re-running this script phase.\necho \"SUCCESS\" > \"${SCRIPT_OUTPUT_FILE_0}\"\n";
			showEnvVarsInLog = 0;
		};
		FAD9CD0BE1CCC8500332A0DC /* [CP] Check Pods Manifest.lock */ = {
			isa = PBXShellScriptBuildPhase;
			buildActionMask = 2147483647;
			files = (
			);
			inputFileListPaths = (
			);
			inputPaths = (
				"${PODS_PODFILE_DIR_PATH}/Podfile.lock",
				"${PODS_ROOT}/Manifest.lock",
			);
			name = "[CP] Check Pods Manifest.lock";
			outputFileListPaths = (
			);
			outputPaths = (
				"$(DERIVED_FILE_DIR)/Pods-Travis_DemoUITests-checkManifestLockResult.txt",
			);
			runOnlyForDeploymentPostprocessing = 0;
			shellPath = /bin/sh;
			shellScript = "diff \"${PODS_PODFILE_DIR_PATH}/Podfile.lock\" \"${PODS_ROOT}/Manifest.lock\" > /dev/null\nif [ $? != 0 ] ; then\n    # print error to STDERR\n    echo \"error: The sandbox is not in sync with the Podfile.lock. Run 'pod install' or update your CocoaPods installation.\" >&2\n    exit 1\nfi\n# This output is used by Xcode 'outputs' to avoid re-running this script phase.\necho \"SUCCESS\" > \"${SCRIPT_OUTPUT_FILE_0}\"\n";
			showEnvVarsInLog = 0;
		};
/* End PBXShellScriptBuildPhase section */

/* Begin PBXSourcesBuildPhase section */
		1853C64C229E89B4006F6A3C /* Sources */ = {
			isa = PBXSourcesBuildPhase;
			buildActionMask = 2147483647;
			files = (
				1853C656229E89B4006F6A3C /* ViewController.swift in Sources */,
				1853C654229E89B4006F6A3C /* AppDelegate.swift in Sources */,
			);
			runOnlyForDeploymentPostprocessing = 0;
		};
		1853C660229E89B5006F6A3C /* Sources */ = {
			isa = PBXSourcesBuildPhase;
			buildActionMask = 2147483647;
			files = (
				1853C669229E89B5006F6A3C /* Travis_DemoTests.swift in Sources */,
			);
			runOnlyForDeploymentPostprocessing = 0;
		};
		1853C66B229E89B5006F6A3C /* Sources */ = {
			isa = PBXSourcesBuildPhase;
			buildActionMask = 2147483647;
			files = (
				1853C674229E89B5006F6A3C /* Travis_DemoUITests.swift in Sources */,
			);
			runOnlyForDeploymentPostprocessing = 0;
		};
/* End PBXSourcesBuildPhase section */

/* Begin PBXTargetDependency section */
		1853C666229E89B5006F6A3C /* PBXTargetDependency */ = {
			isa = PBXTargetDependency;
			target = 1853C64F229E89B4006F6A3C /* Travis_Demo */;
			targetProxy = 1853C665229E89B5006F6A3C /* PBXContainerItemProxy */;
		};
		1853C671229E89B5006F6A3C /* PBXTargetDependency */ = {
			isa = PBXTargetDependency;
			target = 1853C64F229E89B4006F6A3C /* Travis_Demo */;
			targetProxy = 1853C670229E89B5006F6A3C /* PBXContainerItemProxy */;
		};
/* End PBXTargetDependency section */

/* Begin PBXVariantGroup section */
		1853C657229E89B4006F6A3C /* Main.storyboard */ = {
			isa = PBXVariantGroup;
			children = (
				1853C658229E89B4006F6A3C /* Base */,
			);
			name = Main.storyboard;
			sourceTree = "<group>";
		};
		1853C65C229E89B5006F6A3C /* LaunchScreen.storyboard */ = {
			isa = PBXVariantGroup;
			children = (
				1853C65D229E89B5006F6A3C /* Base */,
			);
			name = LaunchScreen.storyboard;
			sourceTree = "<group>";
		};
/* End PBXVariantGroup section */

/* Begin XCBuildConfiguration section */
		1853C676229E89B5006F6A3C /* Debug */ = {
			isa = XCBuildConfiguration;
			buildSettings = {
				ALWAYS_SEARCH_USER_PATHS = NO;
				CLANG_ANALYZER_NONNULL = YES;
				CLANG_ANALYZER_NUMBER_OBJECT_CONVERSION = YES_AGGRESSIVE;
				CLANG_CXX_LANGUAGE_STANDARD = "gnu++14";
				CLANG_CXX_LIBRARY = "libc++";
				CLANG_ENABLE_MODULES = YES;
				CLANG_ENABLE_OBJC_ARC = YES;
				CLANG_ENABLE_OBJC_WEAK = YES;
				CLANG_WARN_BLOCK_CAPTURE_AUTORELEASING = YES;
				CLANG_WARN_BOOL_CONVERSION = YES;
				CLANG_WARN_COMMA = YES;
				CLANG_WARN_CONSTANT_CONVERSION = YES;
				CLANG_WARN_DEPRECATED_OBJC_IMPLEMENTATIONS = YES;
				CLANG_WARN_DIRECT_OBJC_ISA_USAGE = YES_ERROR;
				CLANG_WARN_DOCUMENTATION_COMMENTS = YES;
				CLANG_WARN_EMPTY_BODY = YES;
				CLANG_WARN_ENUM_CONVERSION = YES;
				CLANG_WARN_INFINITE_RECURSION = YES;
				CLANG_WARN_INT_CONVERSION = YES;
				CLANG_WARN_NON_LITERAL_NULL_CONVERSION = YES;
				CLANG_WARN_OBJC_IMPLICIT_RETAIN_SELF = YES;
				CLANG_WARN_OBJC_LITERAL_CONVERSION = YES;
				CLANG_WARN_OBJC_ROOT_CLASS = YES_ERROR;
				CLANG_WARN_RANGE_LOOP_ANALYSIS = YES;
				CLANG_WARN_STRICT_PROTOTYPES = YES;
				CLANG_WARN_SUSPICIOUS_MOVE = YES;
				CLANG_WARN_UNGUARDED_AVAILABILITY = YES_AGGRESSIVE;
				CLANG_WARN_UNREACHABLE_CODE = YES;
				CLANG_WARN__DUPLICATE_METHOD_MATCH = YES;
				CODE_SIGN_IDENTITY = "iPhone Developer";
				COPY_PHASE_STRIP = NO;
				DEBUG_INFORMATION_FORMAT = dwarf;
				ENABLE_STRICT_OBJC_MSGSEND = YES;
				ENABLE_TESTABILITY = YES;
				GCC_C_LANGUAGE_STANDARD = gnu11;
				GCC_DYNAMIC_NO_PIC = NO;
				GCC_NO_COMMON_BLOCKS = YES;
				GCC_OPTIMIZATION_LEVEL = 0;
				GCC_PREPROCESSOR_DEFINITIONS = (
					"DEBUG=1",
					"$(inherited)",
				);
				GCC_WARN_64_TO_32_BIT_CONVERSION = YES;
				GCC_WARN_ABOUT_RETURN_TYPE = YES_ERROR;
				GCC_WARN_UNDECLARED_SELECTOR = YES;
				GCC_WARN_UNINITIALIZED_AUTOS = YES_AGGRESSIVE;
				GCC_WARN_UNUSED_FUNCTION = YES;
				GCC_WARN_UNUSED_VARIABLE = YES;
				IPHONEOS_DEPLOYMENT_TARGET = 12.1;
				MTL_ENABLE_DEBUG_INFO = INCLUDE_SOURCE;
				MTL_FAST_MATH = YES;
				ONLY_ACTIVE_ARCH = YES;
				SDKROOT = iphoneos;
				SWIFT_ACTIVE_COMPILATION_CONDITIONS = DEBUG;
				SWIFT_OPTIMIZATION_LEVEL = "-Onone";
			};
			name = Debug;
		};
		1853C677229E89B5006F6A3C /* Release */ = {
			isa = XCBuildConfiguration;
			buildSettings = {
				ALWAYS_SEARCH_USER_PATHS = NO;
				CLANG_ANALYZER_NONNULL = YES;
				CLANG_ANALYZER_NUMBER_OBJECT_CONVERSION = YES_AGGRESSIVE;
				CLANG_CXX_LANGUAGE_STANDARD = "gnu++14";
				CLANG_CXX_LIBRARY = "libc++";
				CLANG_ENABLE_MODULES = YES;
				CLANG_ENABLE_OBJC_ARC = YES;
				CLANG_ENABLE_OBJC_WEAK = YES;
				CLANG_WARN_BLOCK_CAPTURE_AUTORELEASING = YES;
				CLANG_WARN_BOOL_CONVERSION = YES;
				CLANG_WARN_COMMA = YES;
				CLANG_WARN_CONSTANT_CONVERSION = YES;
				CLANG_WARN_DEPRECATED_OBJC_IMPLEMENTATIONS = YES;
				CLANG_WARN_DIRECT_OBJC_ISA_USAGE = YES_ERROR;
				CLANG_WARN_DOCUMENTATION_COMMENTS = YES;
				CLANG_WARN_EMPTY_BODY = YES;
				CLANG_WARN_ENUM_CONVERSION = YES;
				CLANG_WARN_INFINITE_RECURSION = YES;
				CLANG_WARN_INT_CONVERSION = YES;
				CLANG_WARN_NON_LITERAL_NULL_CONVERSION = YES;
				CLANG_WARN_OBJC_IMPLICIT_RETAIN_SELF = YES;
				CLANG_WARN_OBJC_LITERAL_CONVERSION = YES;
				CLANG_WARN_OBJC_ROOT_CLASS = YES_ERROR;
				CLANG_WARN_RANGE_LOOP_ANALYSIS = YES;
				CLANG_WARN_STRICT_PROTOTYPES = YES;
				CLANG_WARN_SUSPICIOUS_MOVE = YES;
				CLANG_WARN_UNGUARDED_AVAILABILITY = YES_AGGRESSIVE;
				CLANG_WARN_UNREACHABLE_CODE = YES;
				CLANG_WARN__DUPLICATE_METHOD_MATCH = YES;
				CODE_SIGN_IDENTITY = "iPhone Developer";
				COPY_PHASE_STRIP = NO;
				DEBUG_INFORMATION_FORMAT = "dwarf-with-dsym";
				ENABLE_NS_ASSERTIONS = NO;
				ENABLE_STRICT_OBJC_MSGSEND = YES;
				GCC_C_LANGUAGE_STANDARD = gnu11;
				GCC_NO_COMMON_BLOCKS = YES;
				GCC_WARN_64_TO_32_BIT_CONVERSION = YES;
				GCC_WARN_ABOUT_RETURN_TYPE = YES_ERROR;
				GCC_WARN_UNDECLARED_SELECTOR = YES;
				GCC_WARN_UNINITIALIZED_AUTOS = YES_AGGRESSIVE;
				GCC_WARN_UNUSED_FUNCTION = YES;
				GCC_WARN_UNUSED_VARIABLE = YES;
				IPHONEOS_DEPLOYMENT_TARGET = 12.1;
				MTL_ENABLE_DEBUG_INFO = NO;
				MTL_FAST_MATH = YES;
				SDKROOT = iphoneos;
				SWIFT_COMPILATION_MODE = wholemodule;
				SWIFT_OPTIMIZATION_LEVEL = "-O";
				VALIDATE_PRODUCT = YES;
			};
			name = Release;
		};
		1853C679229E89B5006F6A3C /* Debug */ = {
			isa = XCBuildConfiguration;
			baseConfigurationReference = 2DCAD7D97FD835AF6B17B0AB /* Pods-Travis_Demo.debug.xcconfig */;
			buildSettings = {
				ASSETCATALOG_COMPILER_APPICON_NAME = AppIcon;
				CODE_SIGN_STYLE = Automatic;
				INFOPLIST_FILE = Travis_Demo/Info.plist;
				LD_RUNPATH_SEARCH_PATHS = (
					"$(inherited)",
					"@executable_path/Frameworks",
				);
				PRODUCT_BUNDLE_IDENTIFIER = "com.ttl.Travis-Demo";
				PRODUCT_NAME = "$(TARGET_NAME)";
				SWIFT_VERSION = 4.2;
				TARGETED_DEVICE_FAMILY = "1,2";
			};
			name = Debug;
		};
		1853C67A229E89B5006F6A3C /* Release */ = {
			isa = XCBuildConfiguration;
			baseConfigurationReference = 05B2AD68398556CEEC3A709C /* Pods-Travis_Demo.release.xcconfig */;
			buildSettings = {
				ASSETCATALOG_COMPILER_APPICON_NAME = AppIcon;
				CODE_SIGN_STYLE = Automatic;
				INFOPLIST_FILE = Travis_Demo/Info.plist;
				LD_RUNPATH_SEARCH_PATHS = (
					"$(inherited)",
					"@executable_path/Frameworks",
				);
				PRODUCT_BUNDLE_IDENTIFIER = "com.ttl.Travis-Demo";
				PRODUCT_NAME = "$(TARGET_NAME)";
				SWIFT_VERSION = 4.2;
				TARGETED_DEVICE_FAMILY = "1,2";
			};
			name = Release;
		};
		1853C67C229E89B5006F6A3C /* Debug */ = {
			isa = XCBuildConfiguration;
			baseConfigurationReference = CE1F0926600AC18FB75463F8 /* Pods-Travis_DemoTests.debug.xcconfig */;
			buildSettings = {
				ALWAYS_EMBED_SWIFT_STANDARD_LIBRARIES = YES;
				BUNDLE_LOADER = "$(TEST_HOST)";
				CODE_SIGN_STYLE = Automatic;
				INFOPLIST_FILE = Travis_DemoTests/Info.plist;
				LD_RUNPATH_SEARCH_PATHS = (
					"$(inherited)",
					"@executable_path/Frameworks",
					"@loader_path/Frameworks",
				);
				PRODUCT_BUNDLE_IDENTIFIER = "com.ttl.Travis-DemoTests";
				PRODUCT_NAME = "$(TARGET_NAME)";
				SWIFT_VERSION = 4.2;
				TARGETED_DEVICE_FAMILY = "1,2";
				TEST_HOST = "$(BUILT_PRODUCTS_DIR)/Travis_Demo.app/Travis_Demo";
			};
			name = Debug;
		};
		1853C67D229E89B5006F6A3C /* Release */ = {
			isa = XCBuildConfiguration;
			baseConfigurationReference = 5C940E1998B6DA0C0BC7FDEF /* Pods-Travis_DemoTests.release.xcconfig */;
			buildSettings = {
				ALWAYS_EMBED_SWIFT_STANDARD_LIBRARIES = YES;
				BUNDLE_LOADER = "$(TEST_HOST)";
				CODE_SIGN_STYLE = Automatic;
				INFOPLIST_FILE = Travis_DemoTests/Info.plist;
				LD_RUNPATH_SEARCH_PATHS = (
					"$(inherited)",
					"@executable_path/Frameworks",
					"@loader_path/Frameworks",
				);
				PRODUCT_BUNDLE_IDENTIFIER = "com.ttl.Travis-DemoTests";
				PRODUCT_NAME = "$(TARGET_NAME)";
				SWIFT_VERSION = 4.2;
				TARGETED_DEVICE_FAMILY = "1,2";
				TEST_HOST = "$(BUILT_PRODUCTS_DIR)/Travis_Demo.app/Travis_Demo";
			};
			name = Release;
		};
		1853C67F229E89B5006F6A3C /* Debug */ = {
			isa = XCBuildConfiguration;
			baseConfigurationReference = 2664F73490558ADE572BC48E /* Pods-Travis_DemoUITests.debug.xcconfig */;
			buildSettings = {
				ALWAYS_EMBED_SWIFT_STANDARD_LIBRARIES = YES;
				CODE_SIGN_STYLE = Automatic;
				INFOPLIST_FILE = Travis_DemoUITests/Info.plist;
				LD_RUNPATH_SEARCH_PATHS = (
					"$(inherited)",
					"@executable_path/Frameworks",
					"@loader_path/Frameworks",
				);
				PRODUCT_BUNDLE_IDENTIFIER = "com.ttl.Travis-DemoUITests";
				PRODUCT_NAME = "$(TARGET_NAME)";
				SWIFT_VERSION = 4.2;
				TARGETED_DEVICE_FAMILY = "1,2";
				TEST_TARGET_NAME = Travis_Demo;
			};
			name = Debug;
		};
		1853C680229E89B5006F6A3C /* Release */ = {
			isa = XCBuildConfiguration;
			baseConfigurationReference = B14443CBC40E5964FBEE89BE /* Pods-Travis_DemoUITests.release.xcconfig */;
			buildSettings = {
				ALWAYS_EMBED_SWIFT_STANDARD_LIBRARIES = YES;
				CODE_SIGN_STYLE = Automatic;
				INFOPLIST_FILE = Travis_DemoUITests/Info.plist;
				LD_RUNPATH_SEARCH_PATHS = (
					"$(inherited)",
					"@executable_path/Frameworks",
					"@loader_path/Frameworks",
				);
				PRODUCT_BUNDLE_IDENTIFIER = "com.ttl.Travis-DemoUITests";
				PRODUCT_NAME = "$(TARGET_NAME)";
				SWIFT_VERSION = 4.2;
				TARGETED_DEVICE_FAMILY = "1,2";
				TEST_TARGET_NAME = Travis_Demo;
			};
			name = Release;
		};
/* End XCBuildConfiguration section */

/* Begin XCConfigurationList section */
		1853C64B229E89B3006F6A3C /* Build configuration list for PBXProject "Travis_Demo" */ = {
			isa = XCConfigurationList;
			buildConfigurations = (
				1853C676229E89B5006F6A3C /* Debug */,
				1853C677229E89B5006F6A3C /* Release */,
			);
			defaultConfigurationIsVisible = 0;
			defaultConfigurationName = Release;
		};
		1853C678229E89B5006F6A3C /* Build configuration list for PBXNativeTarget "Travis_Demo" */ = {
			isa = XCConfigurationList;
			buildConfigurations = (
				1853C679229E89B5006F6A3C /* Debug */,
				1853C67A229E89B5006F6A3C /* Release */,
			);
			defaultConfigurationIsVisible = 0;
			defaultConfigurationName = Release;
		};
		1853C67B229E89B5006F6A3C /* Build configuration list for PBXNativeTarget "Travis_DemoTests" */ = {
			isa = XCConfigurationList;
			buildConfigurations = (
				1853C67C229E89B5006F6A3C /* Debug */,
				1853C67D229E89B5006F6A3C /* Release */,
			);
			defaultConfigurationIsVisible = 0;
			defaultConfigurationName = Release;
		};
		1853C67E229E89B5006F6A3C /* Build configuration list for PBXNativeTarget "Travis_DemoUITests" */ = {
			isa = XCConfigurationList;
			buildConfigurations = (
				1853C67F229E89B5006F6A3C /* Debug */,
				1853C680229E89B5006F6A3C /* Release */,
			);
			defaultConfigurationIsVisible = 0;
			defaultConfigurationName = Release;
		};
/* End XCConfigurationList section */
	};
	rootObject = 1853C648229E89B3006F6A3C /* Project object */;
}
